{
  "name": "node-app",
  "version": "1.0.0",
  "lockfileVersion": 1,
  "requires": true,
  "dependencies": {
    "xyz123abc975": {
      "version": "1.0.0",
      "resolved": "https://registry.npmjs.org/xyz123abc975/-/xyz123abc975-1.0.0.tgz",
      "integrity": "sha512-XFFbobKNWOxNhO4/cGybyA6Eg8CuGuNKUvOzCAb1Nb0gFkxlvtY7wPAi6+weqCNvBwSjeTWSo5Y+ICPrsYk5nQ=="
    }
  }
}
